
Microsoft Visual Studio Solution File, Format Version 12.00
# Visual Studio Version 16
VisualStudioVersion = 16.0.31025.194
MinimumVisualStudioVersion = 10.0.40219.1
Project("{FAE04EC0-301F-11D3-BF4B-00C04F79EFBC}") = "SparkAuto", "SparkAuto\SparkAuto.csproj", "{75E92823-B390-4BFB-B139-BB24CBB9673F}"
EndProject
Global
	GlobalSection(SolutionConfigurationPlatforms) = preSolution
		Debug|Any CPU = Debug|Any CPU
		Release|Any CPU = Release|Any CPU
	EndGlobalSection
	GlobalSection(ProjectConfigurationPlatforms) = postSolution
		{75E92823-B390-4BFB-B139-BB24CBB9673F}.Debug|Any CPU.ActiveCfg = Debug|Any CPU
		{75E92823-B390-4BFB-B139-BB24CBB9673F}.Debug|Any CPU.Build.0 = Debug|Any CPU
		{75E92823-B390-4BFB-B139-BB24CBB9673F}.Release|Any CPU.ActiveCfg = Release|Any CPU
		{75E92823-B390-4BFB-B139-BB24CBB9673F}.Release|Any CPU.Build.0 = Release|Any CPU
	EndGlobalSection
	GlobalSection(SolutionProperties) = preSolution
		HideSolutionNode = FALSE
	EndGlobalSection
	GlobalSection(ExtensibilityGlobals) = postSolution
		SolutionGuid = {FF880E25-04F0-4D85-884B-C6C7BF153A88}
	EndGlobalSection
EndGlobal
